
Microsoft Visual Studio Solution File, Format Version 12.00
# Visual Studio Version 17
VisualStudioVersion = 17.2.32526.322
MinimumVisualStudioVersion = 10.0.40219.1
Project("{FAE04EC0-301F-11D3-BF4B-00C04F79EFBC}") = "AdventOfCode.UnitTests", "AdventOfCode.UnitTests\AdventOfCode.UnitTests.csproj", "{E1F93CA1-3C91-487B-839A-CF81CD6865C5}"
EndProject
Project("{9A19103F-16F7-4668-BE54-9A1E7A4F7556}") = "AdventOfCode.Solutions", "AdventOfCode.Solutions\AdventOfCode.Solutions.csproj", "{1876A573-8DD4-438A-BF04-81D657C8D33B}"
EndProject
Global
	GlobalSection(SolutionConfigurationPlatforms) = preSolution
		Debug|Any CPU = Debug|Any CPU
		Release|Any CPU = Release|Any CPU
	EndGlobalSection
	GlobalSection(ProjectConfigurationPlatforms) = postSolution
		{E1F93CA1-3C91-487B-839A-CF81CD6865C5}.Debug|Any CPU.ActiveCfg = Debug|Any CPU
		{E1F93CA1-3C91-487B-839A-CF81CD6865C5}.Debug|Any CPU.Build.0 = Debug|Any CPU
		{E1F93CA1-3C91-487B-839A-CF81CD6865C5}.Release|Any CPU.ActiveCfg = Release|Any CPU
		{E1F93CA1-3C91-487B-839A-CF81CD6865C5}.Release|Any CPU.Build.0 = Release|Any CPU
		{1876A573-8DD4-438A-BF04-81D657C8D33B}.Debug|Any CPU.ActiveCfg = Debug|Any CPU
		{1876A573-8DD4-438A-BF04-81D657C8D33B}.Debug|Any CPU.Build.0 = Debug|Any CPU
		{1876A573-8DD4-438A-BF04-81D657C8D33B}.Release|Any CPU.ActiveCfg = Release|Any CPU
		{1876A573-8DD4-438A-BF04-81D657C8D33B}.Release|Any CPU.Build.0 = Release|Any CPU
	EndGlobalSection
	GlobalSection(SolutionProperties) = preSolution
		HideSolutionNode = FALSE
	EndGlobalSection
	GlobalSection(ExtensibilityGlobals) = postSolution
		SolutionGuid = {A4A2FDF6-1F20-4E3E-AC97-B935A19F18E6}
	EndGlobalSection
EndGlobal
